<?xml version="1.0" encoding="utf-8"?>
<Project ToolsVersion="4.0" xmlns="http://schemas.microsoft.com/developer/msbuild/2003">
  <ItemGroup>
    <Filter Include="Source Files">
      <UniqueIdentifier>{4FC737F1-C7A5-4376-A066-2A32D752A2FF}</UniqueIdentifier>
      <Extensions>cpp;c;cc;cxx;c++;cppm;ixx;def;odl;idl;hpj;bat;asm;asmx</Extensions>
    </Filter>
    <Filter Include="Header Files">
      <UniqueIdentifier>{93995380-89BD-4b04-88EB-625FBE52EBFB}</UniqueIdentifier>
      <Extensions>h;hh;hpp;hxx;h++;hm;inl;inc;ipp;xsd</Extensions>
    </Filter>
    <Filter Include="Resource Files">
      <UniqueIdentifier>{67DA6AB6-F800-4c08-8B7A-83BB121AAD01}</UniqueIdentifier>
      <Extensions>rc;ico;cur;bmp;dlg;rc2;rct;bin;rgs;gif;jpg;jpeg;jpe;resx;tiff;tif;png;wav;mfcribbon-ms</Extensions>
    </Filter>
  </ItemGroup>
  <ItemGroup>
    <ClCompile Include="Application.cpp">
      <Filter>Source Files</Filter>
    </ClCompile>
    <ClCompile Include="Entity.cpp">
      <Filter>Source Files</Filter>
    </ClCompile>
    <ClCompile Include="ExampleScene.cpp">
      <Filter>Source Files</Filter>
    </ClCompile>
    <ClCompile Include="GameManager.cpp">
      <Filter>Source Files</Filter>
    </ClCompile>
    <ClCompile Include="GameObject.cpp">
      <Filter>Source Files</Filter>
    </ClCompile>
    <ClCompile Include="Items.cpp">
      <Filter>Source Files</Filter>
    </ClCompile>
    <ClCompile Include="MyFunctions.cpp">
      <Filter>Source Files</Filter>
    </ClCompile>
    <ClCompile Include="ObjectManager.cpp">
      <Filter>Source Files</Filter>
    </ClCompile>
    <ClCompile Include="Player.cpp">
      <Filter>Source Files</Filter>
    </ClCompile>
    <ClCompile Include="Scene.cpp">
      <Filter>Source Files</Filter>
    </ClCompile>
    <ClCompile Include="SceneManager.cpp">
      <Filter>Source Files</Filter>
    </ClCompile>
    <ClCompile Include="Vector2.cpp">
      <Filter>Source Files</Filter>
    </ClCompile>
    <ClCompile Include="World.cpp">
      <Filter>Source Files</Filter>
    </ClCompile>
    <ClCompile Include="main.cpp">
      <Filter>Source Files</Filter>
    </ClCompile>
    <ClCompile Include="Sprite.cpp">
      <Filter>Source Files</Filter>
    </ClCompile>
    <ClCompile Include="PlayerSprite.cpp">
      <Filter>Source Files</Filter>
    </ClCompile>
    <ClCompile Include="WallSprite.cpp">
      <Filter>Source Files</Filter>
    </ClCompile>
    <ClCompile Include="Wall.cpp">
      <Filter>Source Files</Filter>
    </ClCompile>
    <ClCompile Include="LivingRoomScene.cpp">
      <Filter>Source Files</Filter>
    </ClCompile>
    <ClCompile Include="BedSprite.cpp">
      <Filter>Source Files</Filter>
    </ClCompile>
    <ClCompile Include="BedroomCabinet2Sprite.cpp">
      <Filter>Source Files</Filter>
    </ClCompile>
    <ClCompile Include="BedroomCabinetSprite.cpp">
      <Filter>Source Files</Filter>
    </ClCompile>
    <ClCompile Include="BedroomScene.cpp">
      <Filter>Source Files</Filter>
    </ClCompile>
    <ClCompile Include="BedroomTableSprite.cpp">
      <Filter>Source Files</Filter>
    </ClCompile>
    <ClCompile Include="EmptySofaSprite.cpp">
      <Filter>Source Files</Filter>
    </ClCompile>
    <ClCompile Include="Furniture.cpp">
      <Filter>Source Files</Filter>
    </ClCompile>
    <ClCompile Include="InteractionsManager.cpp">
      <Filter>Source Files</Filter>
    </ClCompile>
    <ClCompile Include="LivingRoomCabinetSprite.cpp">
      <Filter>Source Files</Filter>
    </ClCompile>
    <ClCompile Include="LivingroomTableSprite.cpp">
      <Filter>Source Files</Filter>
    </ClCompile>
    <ClCompile Include="TelevisionSprite.cpp">
      <Filter>Source Files</Filter>
    </ClCompile>
    <ClCompile Include="Robber.cpp">
      <Filter>Source Files</Filter>
    </ClCompile>
    <ClCompile Include="RobberSprite.cpp">
      <Filter>Source Files</Filter>
    </ClCompile>
    <ClCompile Include="TimeSystem.cpp">
      <Filter>Source Files</Filter>
    </ClCompile>
    <ClCompile Include="UI.cpp">
      <Filter>Source Files</Filter>
    </ClCompile>
    <ClCompile Include="MainMenu.cpp">
      <Filter>Source Files</Filter>
    </ClCompile>
    <ClCompile Include="OptionUI.cpp">
      <Filter>Source Files</Filter>
    </ClCompile>
    <ClCompile Include="PickupableItem.cpp">
      <Filter>Source Files</Filter>
    </ClCompile>
    <ClCompile Include="InventoryManager.cpp">
      <Filter>Source Files</Filter>
    </ClCompile>
    <ClCompile Include="PickupSprite.cpp">
      <Filter>Source Files</Filter>
    </ClCompile>
    <ClCompile Include="Door.cpp">
      <Filter>Source Files</Filter>
    </ClCompile>
    <ClCompile Include="DoorSprites.cpp">
      <Filter>Source Files</Filter>
    </ClCompile>
    <ClCompile Include="ShowerAreaSprite.cpp">
      <Filter>Source Files</Filter>
    </ClCompile>
    <ClCompile Include="StoreRoomDoorSprite.cpp">
      <Filter>Source Files</Filter>
    </ClCompile>
    <ClCompile Include="ToiletBowlSprite.cpp">
      <Filter>Source Files</Filter>
    </ClCompile>
    <ClCompile Include="ToiletCabinetSprite.cpp">
      <Filter>Source Files</Filter>
    </ClCompile>
    <ClCompile Include="ToiletDoorSprite.cpp">
      <Filter>Source Files</Filter>
    </ClCompile>
    <ClCompile Include="ToiletScene.cpp">
      <Filter>Source Files</Filter>
    </ClCompile>
    <ClCompile Include="ClockSprite.cpp">
      <Filter>Source Files</Filter>
    </ClCompile>
    <ClCompile Include="BoxSprite.cpp">
      <Filter>Source Files</Filter>
    </ClCompile>
    <ClCompile Include="EmptyBoxType1Sprite.cpp">
      <Filter>Source Files</Filter>
    </ClCompile>
    <ClCompile Include="EmptyBoxType2Sprite.cpp">
      <Filter>Source Files</Filter>
    </ClCompile>
    <ClCompile Include="KitchenScene.cpp">
      <Filter>Source Files</Filter>
    </ClCompile>
    <ClCompile Include="KitchenTableSprite.cpp">
      <Filter>Source Files</Filter>
    </ClCompile>
    <ClCompile Include="PlanksSprite.cpp">
      <Filter>Source Files</Filter>
    </ClCompile>
    <ClCompile Include="RobberDownSprite.cpp">
      <Filter>Source Files</Filter>
    </ClCompile>
    <ClCompile Include="SinkSprite.cpp">
      <Filter>Source Files</Filter>
    </ClCompile>
    <ClCompile Include="StoreRoomScene.cpp">
      <Filter>Source Files</Filter>
    </ClCompile>
    <ClCompile Include="KitchenCabinetSprite.cpp">
      <Filter>Source Files</Filter>
    </ClCompile>
    <ClCompile Include="StoveSprite.cpp">
      <Filter>Source Files</Filter>
    </ClCompile>
    <ClCompile Include="TrashCanSprite.cpp">
      <Filter>Source Files</Filter>
    </ClCompile>
    <ClCompile Include="FridgeSprite.cpp">
      <Filter>Source Files</Filter>
    </ClCompile>
  </ItemGroup>
  <ItemGroup>
    <ClInclude Include="Application.h">
      <Filter>Header Files</Filter>
    </ClInclude>
    <ClInclude Include="Entity.h">
      <Filter>Header Files</Filter>
    </ClInclude>
    <ClInclude Include="ExampleScene.h">
      <Filter>Header Files</Filter>
    </ClInclude>
    <ClInclude Include="GameManager.h">
      <Filter>Header Files</Filter>
    </ClInclude>
    <ClInclude Include="GameObject.h">
      <Filter>Header Files</Filter>
    </ClInclude>
    <ClInclude Include="Items.h">
      <Filter>Header Files</Filter>
    </ClInclude>
    <ClInclude Include="ObjectManager.h">
      <Filter>Header Files</Filter>
    </ClInclude>
    <ClInclude Include="Player.h">
      <Filter>Header Files</Filter>
    </ClInclude>
    <ClInclude Include="Scene.h">
      <Filter>Header Files</Filter>
    </ClInclude>
    <ClInclude Include="SceneManager.h">
      <Filter>Header Files</Filter>
    </ClInclude>
    <ClInclude Include="Vector2.h">
      <Filter>Header Files</Filter>
    </ClInclude>
    <ClInclude Include="World.h">
      <Filter>Header Files</Filter>
    </ClInclude>
    <ClInclude Include="Sprite.h">
      <Filter>Header Files</Filter>
    </ClInclude>
    <ClInclude Include="PlayerSprite.h">
      <Filter>Header Files</Filter>
    </ClInclude>
    <ClInclude Include="WallSprite.h">
      <Filter>Header Files</Filter>
    </ClInclude>
    <ClInclude Include="Wall.h">
      <Filter>Header Files</Filter>
    </ClInclude>
    <ClInclude Include="LivingRoomScene.h">
      <Filter>Header Files</Filter>
    </ClInclude>
    <ClInclude Include="BedSprite.h">
      <Filter>Header Files</Filter>
    </ClInclude>
    <ClInclude Include="BedroomCabinet2Sprite.h">
      <Filter>Header Files</Filter>
    </ClInclude>
    <ClInclude Include="BedroomCabinetSprite.h">
      <Filter>Header Files</Filter>
    </ClInclude>
    <ClInclude Include="BedroomScene.h">
      <Filter>Header Files</Filter>
    </ClInclude>
    <ClInclude Include="BedroomTableSprite.h">
      <Filter>Header Files</Filter>
    </ClInclude>
    <ClInclude Include="EmptySofaSprite.h">
      <Filter>Header Files</Filter>
    </ClInclude>
    <ClInclude Include="Furniture.h">
      <Filter>Header Files</Filter>
    </ClInclude>
    <ClInclude Include="InteractionsManager.h">
      <Filter>Header Files</Filter>
    </ClInclude>
    <ClInclude Include="LivingRoomCabinetSprite.h">
      <Filter>Header Files</Filter>
    </ClInclude>
    <ClInclude Include="LivingroomTableSprite.h">
      <Filter>Header Files</Filter>
    </ClInclude>
    <ClInclude Include="TelevisionSprite.h">
      <Filter>Header Files</Filter>
    </ClInclude>
    <ClInclude Include="Robber.h">
      <Filter>Header Files</Filter>
    </ClInclude>
    <ClInclude Include="RobberSprite.h">
      <Filter>Header Files</Filter>
    </ClInclude>
    <ClInclude Include="TimeSystem.h">
      <Filter>Header Files</Filter>
    </ClInclude>
    <ClInclude Include="DialogueUI.h">
      <Filter>Header Files</Filter>
    </ClInclude>
    <ClInclude Include="UI.h">
      <Filter>Header Files</Filter>
    </ClInclude>
    <ClInclude Include="MainMenu.h">
      <Filter>Header Files</Filter>
    </ClInclude>
    <ClInclude Include="OptionUI.h">
      <Filter>Header Files</Filter>
    </ClInclude>
    <ClInclude Include="PickupableItem.h">
      <Filter>Header Files</Filter>
    </ClInclude>
    <ClInclude Include="InventoryManager.h">
      <Filter>Header Files</Filter>
    </ClInclude>
    <ClInclude Include="PickupSprite.h">
      <Filter>Header Files</Filter>
    </ClInclude>
    <ClInclude Include="Door.h">
      <Filter>Header Files</Filter>
    </ClInclude>
    <ClInclude Include="DoorSprites.h">
      <Filter>Header Files</Filter>
    </ClInclude>
    <ClInclude Include="ShowerAreaSprite.h">
      <Filter>Header Files</Filter>
    </ClInclude>
    <ClInclude Include="StoreRoomDoorSprite.h">
      <Filter>Header Files</Filter>
    </ClInclude>
    <ClInclude Include="ToiletBowlSprite.h">
      <Filter>Header Files</Filter>
    </ClInclude>
    <ClInclude Include="ToiletCabinetSprite.h">
      <Filter>Header Files</Filter>
    </ClInclude>
    <ClInclude Include="ToiletDoorSprite.h">
      <Filter>Header Files</Filter>
    </ClInclude>
    <ClInclude Include="ToiletScene.h">
      <Filter>Header Files</Filter>
    </ClInclude>
    <ClInclude Include="ClockSprite.h">
      <Filter>Header Files</Filter>
    </ClInclude>
    <ClInclude Include="BoxSprite.h">
      <Filter>Header Files</Filter>
    </ClInclude>
    <ClInclude Include="EmptyBoxType1Sprite.h">
      <Filter>Header Files</Filter>
    </ClInclude>
    <ClInclude Include="EmptyBoxType2Sprite.h">
      <Filter>Header Files</Filter>
    </ClInclude>
    <ClInclude Include="KitchenScene.h">
      <Filter>Header Files</Filter>
    </ClInclude>
    <ClInclude Include="KitchenTableSprite.h">
      <Filter>Header Files</Filter>
    </ClInclude>
    <ClInclude Include="PlanksSprite.h">
      <Filter>Header Files</Filter>
    </ClInclude>
    <ClInclude Include="resource.h">
      <Filter>Header Files</Filter>
    </ClInclude>
    <ClInclude Include="RobberDownSprite.h">
      <Filter>Header Files</Filter>
    </ClInclude>
    <ClInclude Include="SinkSprite.h">
      <Filter>Header Files</Filter>
    </ClInclude>
    <ClInclude Include="StoreRoomScene.h">
      <Filter>Header Files</Filter>
    </ClInclude>
    <ClInclude Include="KitchenCabinetSprite.h">
      <Filter>Header Files</Filter>
    </ClInclude>
    <ClInclude Include="StoveSprite.h">
      <Filter>Header Files</Filter>
    </ClInclude>
    <ClInclude Include="TrashCanSprite.h">
      <Filter>Header Files</Filter>
    </ClInclude>
    <ClInclude Include="FridgeSprite.h">
      <Filter>Header Files</Filter>
    </ClInclude>
  </ItemGroup>
  <ItemGroup>
    <ResourceCompile Include="WIU_Framework.rc">
      <Filter>Resource Files</Filter>
    </ResourceCompile>
  </ItemGroup>
</Project>